
Microsoft Visual Studio Solution File, Format Version 12.00
# Visual Studio Version 17
VisualStudioVersion = 17.9.34714.143
MinimumVisualStudioVersion = 10.0.40219.1
Project("{FAE04EC0-301F-11D3-BF4B-00C04F79EFBC}") = "Costhead_master_web", "Costhead_master_web\Costhead_master_web.csproj", "{77ADF483-7E48-40DA-855F-DBE8BBCEB486}"
EndProject
Project("{FAE04EC0-301F-11D3-BF4B-00C04F79EFBC}") = "CostHead_WebApi", "CostHead_WebApi\CostHead_WebApi.csproj", "{C5A558DC-97A8-489B-BAE6-4201D5618300}"
EndProject
Global
	GlobalSection(SolutionConfigurationPlatforms) = preSolution
		Debug|Any CPU = Debug|Any CPU
		Release|Any CPU = Release|Any CPU
	EndGlobalSection
	GlobalSection(ProjectConfigurationPlatforms) = postSolution
		{77ADF483-7E48-40DA-855F-DBE8BBCEB486}.Debug|Any CPU.ActiveCfg = Debug|Any CPU
		{77ADF483-7E48-40DA-855F-DBE8BBCEB486}.Debug|Any CPU.Build.0 = Debug|Any CPU
		{77ADF483-7E48-40DA-855F-DBE8BBCEB486}.Release|Any CPU.ActiveCfg = Release|Any CPU
		{77ADF483-7E48-40DA-855F-DBE8BBCEB486}.Release|Any CPU.Build.0 = Release|Any CPU
		{C5A558DC-97A8-489B-BAE6-4201D5618300}.Debug|Any CPU.ActiveCfg = Debug|Any CPU
		{C5A558DC-97A8-489B-BAE6-4201D5618300}.Debug|Any CPU.Build.0 = Debug|Any CPU
		{C5A558DC-97A8-489B-BAE6-4201D5618300}.Release|Any CPU.ActiveCfg = Release|Any CPU
		{C5A558DC-97A8-489B-BAE6-4201D5618300}.Release|Any CPU.Build.0 = Release|Any CPU
	EndGlobalSection
	GlobalSection(SolutionProperties) = preSolution
		HideSolutionNode = FALSE
	EndGlobalSection
	GlobalSection(ExtensibilityGlobals) = postSolution
		SolutionGuid = {65A7BC26-D894-4C2F-94AD-A426E44A1033}
	EndGlobalSection
EndGlobal
